
Microsoft Visual Studio Solution File, Format Version 12.00
# Visual Studio Version 16
VisualStudioVersion = 16.0.32413.511
MinimumVisualStudioVersion = 10.0.40219.1
Project("{FAE04EC0-301F-11D3-BF4B-00C04F79EFBC}") = "Entities", "Entities\Entities.csproj", "{4D01033B-A6C1-49EC-8336-2465BAD61C61}"
EndProject
Project("{FAE04EC0-301F-11D3-BF4B-00C04F79EFBC}") = "DataAccess", "DataAccess\DataAccess.csproj", "{16843822-CA20-4458-A123-D4951CB6AD52}"
EndProject
Project("{FAE04EC0-301F-11D3-BF4B-00C04F79EFBC}") = "Business", "Business\Business.csproj", "{41D308EB-2D1B-4CB2-BEAC-FF8295D41A9D}"
EndProject
Project("{FAE04EC0-301F-11D3-BF4B-00C04F79EFBC}") = "ConsoleUI", "ConsoleUI\ConsoleUI.csproj", "{0CC01E8A-8F81-43D4-A68E-298AEB9122C9}"
EndProject
Global
	GlobalSection(SolutionConfigurationPlatforms) = preSolution
		Debug|Any CPU = Debug|Any CPU
		Release|Any CPU = Release|Any CPU
	EndGlobalSection
	GlobalSection(ProjectConfigurationPlatforms) = postSolution
		{4D01033B-A6C1-49EC-8336-2465BAD61C61}.Debug|Any CPU.ActiveCfg = Debug|Any CPU
		{4D01033B-A6C1-49EC-8336-2465BAD61C61}.Debug|Any CPU.Build.0 = Debug|Any CPU
		{4D01033B-A6C1-49EC-8336-2465BAD61C61}.Release|Any CPU.ActiveCfg = Release|Any CPU
		{4D01033B-A6C1-49EC-8336-2465BAD61C61}.Release|Any CPU.Build.0 = Release|Any CPU
		{16843822-CA20-4458-A123-D4951CB6AD52}.Debug|Any CPU.ActiveCfg = Debug|Any CPU
		{16843822-CA20-4458-A123-D4951CB6AD52}.Debug|Any CPU.Build.0 = Debug|Any CPU
		{16843822-CA20-4458-A123-D4951CB6AD52}.Release|Any CPU.ActiveCfg = Release|Any CPU
		{16843822-CA20-4458-A123-D4951CB6AD52}.Release|Any CPU.Build.0 = Release|Any CPU
		{41D308EB-2D1B-4CB2-BEAC-FF8295D41A9D}.Debug|Any CPU.ActiveCfg = Debug|Any CPU
		{41D308EB-2D1B-4CB2-BEAC-FF8295D41A9D}.Debug|Any CPU.Build.0 = Debug|Any CPU
		{41D308EB-2D1B-4CB2-BEAC-FF8295D41A9D}.Release|Any CPU.ActiveCfg = Release|Any CPU
		{41D308EB-2D1B-4CB2-BEAC-FF8295D41A9D}.Release|Any CPU.Build.0 = Release|Any CPU
		{0CC01E8A-8F81-43D4-A68E-298AEB9122C9}.Debug|Any CPU.ActiveCfg = Debug|Any CPU
		{0CC01E8A-8F81-43D4-A68E-298AEB9122C9}.Debug|Any CPU.Build.0 = Debug|Any CPU
		{0CC01E8A-8F81-43D4-A68E-298AEB9122C9}.Release|Any CPU.ActiveCfg = Release|Any CPU
		{0CC01E8A-8F81-43D4-A68E-298AEB9122C9}.Release|Any CPU.Build.0 = Release|Any CPU
	EndGlobalSection
	GlobalSection(SolutionProperties) = preSolution
		HideSolutionNode = FALSE
	EndGlobalSection
	GlobalSection(ExtensibilityGlobals) = postSolution
		SolutionGuid = {BDFC6745-A303-4B75-B653-294C6D682595}
	EndGlobalSection
EndGlobal
